// !$*UTF8*$!
{
	archiveVersion = 1;
	classes = {
	};
	objectVersion = 50;
	objects = {

/* Begin PBXBuildFile section */
		79E7C699D6FFAE848C1ECCFB /* Pods_Kingfishy.framework in Frameworks */ = {isa = PBXBuildFile; fileRef = 481D321E1055836F6F76A7E5 /* Pods_Kingfishy.framework */; };
		9B2FD32726078DC1005316C4 /* AppDelegate.swift in Sources */ = {isa = PBXBuildFile; fileRef = 9B2FD32626078DC1005316C4 /* AppDelegate.swift */; };
		9B2FD32926078DC1005316C4 /* SceneDelegate.swift in Sources */ = {isa = PBXBuildFile; fileRef = 9B2FD32826078DC1005316C4 /* SceneDelegate.swift */; };
		9B2FD32B26078DC1005316C4 /* ViewController.swift in Sources */ = {isa = PBXBuildFile; fileRef = 9B2FD32A26078DC1005316C4 /* ViewController.swift */; };
		9B2FD32E26078DC1005316C4 /* Main.storyboard in Resources */ = {isa = PBXBuildFile; fileRef = 9B2FD32C26078DC1005316C4 /* Main.storyboard */; };
		9B2FD33026078DC4005316C4 /* Assets.xcassets in Resources */ = {isa = PBXBuildFile; fileRef = 9B2FD32F26078DC4005316C4 /* Assets.xcassets */; };
		9B2FD33326078DC4005316C4 /* LaunchScreen.storyboard in Resources */ = {isa = PBXBuildFile; fileRef = 9B2FD33126078DC4005316C4 /* LaunchScreen.storyboard */; };
/* End PBXBuildFile section */

/* Begin PBXFileReference section */
		05051E1B10D29015BF173384 /* Pods-Kingfishy.debug.xcconfig */ = {isa = PBXFileReference; includeInIndex = 1; lastKnownFileType = text.xcconfig; name = "Pods-Kingfishy.debug.xcconfig"; path = "Target Support Files/Pods-Kingfishy/Pods-Kingfishy.debug.xcconfig"; sourceTree = "<group>"; };
		481D321E1055836F6F76A7E5 /* Pods_Kingfishy.framework */ = {isa = PBXFileReference; explicitFileType = wrapper.framework; includeInIndex = 0; path = Pods_Kingfishy.framework; sourceTree = BUILT_PRODUCTS_DIR; };
		5F89AA928873F6CE51938BB9 /* Pods-Kingfishy.release.xcconfig */ = {isa = PBXFileReference; includeInIndex = 1; lastKnownFileType = text.xcconfig; name = "Pods-Kingfishy.release.xcconfig"; path = "Target Support Files/Pods-Kingfishy/Pods-Kingfishy.release.xcconfig"; sourceTree = "<group>"; };
		9B2FD32326078DC1005316C4 /* Kingfishy.app */ = {isa = PBXFileReference; explicitFileType = wrapper.application; includeInIndex = 0; path = Kingfishy.app; sourceTree = BUILT_PRODUCTS_DIR; };
		9B2FD32626078DC1005316C4 /* AppDelegate.swift */ = {isa = PBXFileReference; lastKnownFileType = sourcecode.swift; path = AppDelegate.swift; sourceTree = "<group>"; };
		9B2FD32826078DC1005316C4 /* SceneDelegate.swift */ = {isa = PBXFileReference; lastKnownFileType = sourcecode.swift; path = SceneDelegate.swift; sourceTree = "<group>"; };
		9B2FD32A26078DC1005316C4 /* ViewController.swift */ = {isa = PBXFileReference; lastKnownFileType = sourcecode.swift; path = ViewController.swift; sourceTree = "<group>"; };
		9B2FD32D26078DC1005316C4 /* Base */ = {isa = PBXFileReference; lastKnownFileType = file.storyboard; name = Base; path = Base.lproj/Main.storyboard; sourceTree = "<group>"; };
		9B2FD32F26078DC4005316C4 /* Assets.xcassets */ = {isa = PBXFileReference; lastKnownFileType = folder.assetcatalog; path = Assets.xcassets; sourceTree = "<group>"; };
		9B2FD33226078DC4005316C4 /* Base */ = {isa = PBXFileReference; lastKnownFileType = file.storyboard; name = Base; path = Base.lproj/LaunchScreen.storyboard; sourceTree = "<group>"; };
		9B2FD33426078DC4005316C4 /* Info.plist */ = {isa = PBXFileReference; lastKnownFileType = text.plist.xml; path = Info.plist; sourceTree = "<group>"; };
/* End PBXFileReference section */

/* Begin PBXFrameworksBuildPhase section */
		9B2FD32026078DC1005316C4 /* Frameworks */ = {
			isa = PBXFrameworksBuildPhase;
			buildActionMask = 2147483647;
			files = (
				79E7C699D6FFAE848C1ECCFB /* Pods_Kingfishy.framework in Frameworks */,
			);
			runOnlyForDeploymentPostprocessing = 0;
		};
/* End PBXFrameworksBuildPhase section */

/* Begin PBXGroup section */
		05BCDA8642391567E4E61633 /* Pods */ = {
			isa = PBXGroup;
			children = (
				05051E1B10D29015BF173384 /* Pods-Kingfishy.debug.xcconfig */,
				5F89AA928873F6CE51938BB9 /* Pods-Kingfishy.release.xcconfig */,
			);
			name = Pods;
			path = Pods;
			sourceTree = "<group>";
		};
		9B2FD31A26078DC1005316C4 = {
			isa = PBXGroup;
			children = (
				9B2FD32526078DC1005316C4 /* Kingfishy */,
				9B2FD32426078DC1005316C4 /* Products */,
				05BCDA8642391567E4E61633 /* Pods */,
				E4BB95CD3FD67333E82D4E97 /* Frameworks */,
			);
			sourceTree = "<group>";
		};
		9B2FD32426078DC1005316C4 /* Products */ = {
			isa = PBXGroup;
			children = (
				9B2FD32326078DC1005316C4 /* Kingfishy.app */,
			);
			name = Products;
			sourceTree = "<group>";
		};
		9B2FD32526078DC1005316C4 /* Kingfishy */ = {
			isa = PBXGroup;
			children = (
				9B2FD32626078DC1005316C4 /* AppDelegate.swift */,
				9B2FD32826078DC1005316C4 /* SceneDelegate.swift */,
				9B2FD32A26078DC1005316C4 /* ViewController.swift */,
				9B2FD32C26078DC1005316C4 /* Main.storyboard */,
				9B2FD32F26078DC4005316C4 /* Assets.xcassets */,
				9B2FD33126078DC4005316C4 /* LaunchScreen.storyboard */,
				9B2FD33426078DC4005316C4 /* Info.plist */,
			);
			path = Kingfishy;
			sourceTree = "<group>";
		};
		E4BB95CD3FD67333E82D4E97 /* Frameworks */ = {
			isa = PBXGroup;
			children = (
				481D321E1055836F6F76A7E5 /* Pods_Kingfishy.framework */,
			);
			name = Frameworks;
			sourceTree = "<group>";
		};
/* End PBXGroup section */

/* Begin PBXNativeTarget section */
		9B2FD32226078DC1005316C4 /* Kingfishy */ = {
			isa = PBXNativeTarget;
			buildConfigurationList = 9B2FD33726078DC4005316C4 /* Build configuration list for PBXNativeTarget "Kingfishy" */;
			buildPhases = (
				AA256AFAC6243E1B48B54062 /* [CP] Check Pods Manifest.lock */,
				9B2FD31F26078DC1005316C4 /* Sources */,
				9B2FD32026078DC1005316C4 /* Frameworks */,
				9B2FD32126078DC1005316C4 /* Resources */,
				FAB6DEA567AA02BBBCEC331D /* [CP] Embed Pods Frameworks */,
			);
			buildRules = (
			);
			dependencies = (
			);
			name = Kingfishy;
			productName = Kingfishy;
			productReference = 9B2FD32326078DC1005316C4 /* Kingfishy.app */;
			productType = "com.apple.product-type.application";
		};
/* End PBXNativeTarget section */

/* Begin PBXProject section */
		9B2FD31B26078DC1005316C4 /* Project object */ = {
			isa = PBXProject;
			attributes = {
				LastSwiftUpdateCheck = 1230;
				LastUpgradeCheck = 1230;
				TargetAttributes = {
					9B2FD32226078DC1005316C4 = {
						CreatedOnToolsVersion = 12.3;
					};
				};
			};
			buildConfigurationList = 9B2FD31E26078DC1005316C4 /* Build configuration list for PBXProject "Kingfishy" */;
			compatibilityVersion = "Xcode 9.3";
			developmentRegion = en;
			hasScannedForEncodings = 0;
			knownRegions = (
				en,
				Base,
			);
			mainGroup = 9B2FD31A26078DC1005316C4;
			productRefGroup = 9B2FD32426078DC1005316C4 /* Products */;
			projectDirPath = "";
			projectRoot = "";
			targets = (
				9B2FD32226078DC1005316C4 /* Kingfishy */,
			);
		};
/* End PBXProject section */

/* Begin PBXResourcesBuildPhase section */
		9B2FD32126078DC1005316C4 /* Resources */ = {
			isa = PBXResourcesBuildPhase;
			buildActionMask = 2147483647;
			files = (
				9B2FD33326078DC4005316C4 /* LaunchScreen.storyboard in Resources */,
				9B2FD33026078DC4005316C4 /* Assets.xcassets in Resources */,
				9B2FD32E26078DC1005316C4 /* Main.storyboard in Resources */,
			);
			runOnlyForDeploymentPostprocessing = 0;
		};
/* End PBXResourcesBuildPhase section */

/* Begin PBXShellScriptBuildPhase section */
		AA256AFAC6243E1B48B54062 /* [CP] Check Pods Manifest.lock */ = {
			isa = PBXShellScriptBuildPhase;
			buildActionMask = 2147483647;
			files = (
			);
			inputFileListPaths = (
			);
			inputPaths = (
				"${PODS_PODFILE_DIR_PATH}/Podfile.lock",
				"${PODS_ROOT}/Manifest.lock",
			);
			name = "[CP] Check Pods Manifest.lock";
			outputFileListPaths = (
			);
			outputPaths = (
				"$(DERIVED_FILE_DIR)/Pods-Kingfishy-checkManifestLockResult.txt",
			);
			runOnlyForDeploymentPostprocessing = 0;
			shellPath = /bin/sh;
			shellScript = "diff \"${PODS_PODFILE_DIR_PATH}/Podfile.lock\" \"${PODS_ROOT}/Manifest.lock\" > /dev/null\nif [ $? != 0 ] ; then\n    # print error to STDERR\n    echo \"error: The sandbox is not in sync with the Podfile.lock. Run 'pod install' or update your CocoaPods installation.\" >&2\n    exit 1\nfi\n# This output is used by Xcode 'outputs' to avoid re-running this script phase.\necho \"SUCCESS\" > \"${SCRIPT_OUTPUT_FILE_0}\"\n";
			showEnvVarsInLog = 0;
		};
		FAB6DEA567AA02BBBCEC331D /* [CP] Embed Pods Frameworks */ = {
			isa = PBXShellScriptBuildPhase;
			buildActionMask = 2147483647;
			files = (
			);
			inputFileListPaths = (
				"${PODS_ROOT}/Target Support Files/Pods-Kingfishy/Pods-Kingfishy-frameworks-${CONFIGURATION}-input-files.xcfilelist",
			);
			name = "[CP] Embed Pods Frameworks";
			outputFileListPaths = (
				"${PODS_ROOT}/Target Support Files/Pods-Kingfishy/Pods-Kingfishy-frameworks-${CONFIGURATION}-output-files.xcfilelist",
			);
			runOnlyForDeploymentPostprocessing = 0;
			shellPath = /bin/sh;
			shellScript = "\"${PODS_ROOT}/Target Support Files/Pods-Kingfishy/Pods-Kingfishy-frameworks.sh\"\n";
			showEnvVarsInLog = 0;
		};
/* End PBXShellScriptBuildPhase section */

/* Begin PBXSourcesBuildPhase section */
		9B2FD31F26078DC1005316C4 /* Sources */ = {
			isa = PBXSourcesBuildPhase;
			buildActionMask = 2147483647;
			files = (
				9B2FD32B26078DC1005316C4 /* ViewController.swift in Sources */,
				9B2FD32726078DC1005316C4 /* AppDelegate.swift in Sources */,
				9B2FD32926078DC1005316C4 /* SceneDelegate.swift in Sources */,
			);
			runOnlyForDeploymentPostprocessing = 0;
		};
/* End PBXSourcesBuildPhase section */

/* Begin PBXVariantGroup section */
		9B2FD32C26078DC1005316C4 /* Main.storyboard */ = {
			isa = PBXVariantGroup;
			children = (
				9B2FD32D26078DC1005316C4 /* Base */,
			);
			name = Main.storyboard;
			sourceTree = "<group>";
		};
		9B2FD33126078DC4005316C4 /* LaunchScreen.storyboard */ = {
			isa = PBXVariantGroup;
			children = (
				9B2FD33226078DC4005316C4 /* Base */,
			);
			name = LaunchScreen.storyboard;
			sourceTree = "<group>";
		};
/* End PBXVariantGroup section */

/* Begin XCBuildConfiguration section */
		9B2FD33526078DC4005316C4 /* Debug */ = {
			isa = XCBuildConfiguration;
			buildSettings = {
				ALWAYS_SEARCH_USER_PATHS = NO;
				CLANG_ANALYZER_NONNULL = YES;
				CLANG_ANALYZER_NUMBER_OBJECT_CONVERSION = YES_AGGRESSIVE;
				CLANG_CXX_LANGUAGE_STANDARD = "gnu++14";
				CLANG_CXX_LIBRARY = "libc++";
				CLANG_ENABLE_MODULES = YES;
				CLANG_ENABLE_OBJC_ARC = YES;
				CLANG_ENABLE_OBJC_WEAK = YES;
				CLANG_WARN_BLOCK_CAPTURE_AUTORELEASING = YES;
				CLANG_WARN_BOOL_CONVERSION = YES;
				CLANG_WARN_COMMA = YES;
				CLANG_WARN_CONSTANT_CONVERSION = YES;
				CLANG_WARN_DEPRECATED_OBJC_IMPLEMENTATIONS = YES;
				CLANG_WARN_DIRECT_OBJC_ISA_USAGE = YES_ERROR;
				CLANG_WARN_DOCUMENTATION_COMMENTS = YES;
				CLANG_WARN_EMPTY_BODY = YES;
				CLANG_WARN_ENUM_CONVERSION = YES;
				CLANG_WARN_INFINITE_RECURSION = YES;
				CLANG_WARN_INT_CONVERSION = YES;
				CLANG_WARN_NON_LITERAL_NULL_CONVERSION = YES;
				CLANG_WARN_OBJC_IMPLICIT_RETAIN_SELF = YES;
				CLANG_WARN_OBJC_LITERAL_CONVERSION = YES;
				CLANG_WARN_OBJC_ROOT_CLASS = YES_ERROR;
				CLANG_WARN_QUOTED_INCLUDE_IN_FRAMEWORK_HEADER = YES;
				CLANG_WARN_RANGE_LOOP_ANALYSIS = YES;
				CLANG_WARN_STRICT_PROTOTYPES = YES;
				CLANG_WARN_SUSPICIOUS_MOVE = YES;
				CLANG_WARN_UNGUARDED_AVAILABILITY = YES_AGGRESSIVE;
				CLANG_WARN_UNREACHABLE_CODE = YES;
				CLANG_WARN__DUPLICATE_METHOD_MATCH = YES;
				COPY_PHASE_STRIP = NO;
				DEBUG_INFORMATION_FORMAT = dwarf;
				ENABLE_STRICT_OBJC_MSGSEND = YES;
				ENABLE_TESTABILITY = YES;
				GCC_C_LANGUAGE_STANDARD = gnu11;
				GCC_DYNAMIC_NO_PIC = NO;
				GCC_NO_COMMON_BLOCKS = YES;
				GCC_OPTIMIZATION_LEVEL = 0;
				GCC_PREPROCESSOR_DEFINITIONS = (
					"DEBUG=1",
					"$(inherited)",
				);
				GCC_WARN_64_TO_32_BIT_CONVERSION = YES;
				GCC_WARN_ABOUT_RETURN_TYPE = YES_ERROR;
				GCC_WARN_UNDECLARED_SELECTOR = YES;
				GCC_WARN_UNINITIALIZED_AUTOS = YES_AGGRESSIVE;
				GCC_WARN_UNUSED_FUNCTION = YES;
				GCC_WARN_UNUSED_VARIABLE = YES;
				IPHONEOS_DEPLOYMENT_TARGET = 14.3;
				MTL_ENABLE_DEBUG_INFO = INCLUDE_SOURCE;
				MTL_FAST_MATH = YES;
				ONLY_ACTIVE_ARCH = YES;
				SDKROOT = iphoneos;
				SWIFT_ACTIVE_COMPILATION_CONDITIONS = DEBUG;
				SWIFT_OPTIMIZATION_LEVEL = "-Onone";
			};
			name = Debug;
		};
		9B2FD33626078DC4005316C4 /* Release */ = {
			isa = XCBuildConfiguration;
			buildSettings = {
				ALWAYS_SEARCH_USER_PATHS = NO;
				CLANG_ANALYZER_NONNULL = YES;
				CLANG_ANALYZER_NUMBER_OBJECT_CONVERSION = YES_AGGRESSIVE;
				CLANG_CXX_LANGUAGE_STANDARD = "gnu++14";
				CLANG_CXX_LIBRARY = "libc++";
				CLANG_ENABLE_MODULES = YES;
				CLANG_ENABLE_OBJC_ARC = YES;
				CLANG_ENABLE_OBJC_WEAK = YES;
				CLANG_WARN_BLOCK_CAPTURE_AUTORELEASING = YES;
				CLANG_WARN_BOOL_CONVERSION = YES;
				CLANG_WARN_COMMA = YES;
				CLANG_WARN_CONSTANT_CONVERSION = YES;
				CLANG_WARN_DEPRECATED_OBJC_IMPLEMENTATIONS = YES;
				CLANG_WARN_DIRECT_OBJC_ISA_USAGE = YES_ERROR;
				CLANG_WARN_DOCUMENTATION_COMMENTS = YES;
				CLANG_WARN_EMPTY_BODY = YES;
				CLANG_WARN_ENUM_CONVERSION = YES;
				CLANG_WARN_INFINITE_RECURSION = YES;
				CLANG_WARN_INT_CONVERSION = YES;
				CLANG_WARN_NON_LITERAL_NULL_CONVERSION = YES;
				CLANG_WARN_OBJC_IMPLICIT_RETAIN_SELF = YES;
				CLANG_WARN_OBJC_LITERAL_CONVERSION = YES;
				CLANG_WARN_OBJC_ROOT_CLASS = YES_ERROR;
				CLANG_WARN_QUOTED_INCLUDE_IN_FRAMEWORK_HEADER = YES;
				CLANG_WARN_RANGE_LOOP_ANALYSIS = YES;
				CLANG_WARN_STRICT_PROTOTYPES = YES;
				CLANG_WARN_SUSPICIOUS_MOVE = YES;
				CLANG_WARN_UNGUARDED_AVAILABILITY = YES_AGGRESSIVE;
				CLANG_WARN_UNREACHABLE_CODE = YES;
				CLANG_WARN__DUPLICATE_METHOD_MATCH = YES;
				COPY_PHASE_STRIP = NO;
				DEBUG_INFORMATION_FORMAT = "dwarf-with-dsym";
				ENABLE_NS_ASSERTIONS = NO;
				ENABLE_STRICT_OBJC_MSGSEND = YES;
				GCC_C_LANGUAGE_STANDARD = gnu11;
				GCC_NO_COMMON_BLOCKS = YES;
				GCC_WARN_64_TO_32_BIT_CONVERSION = YES;
				GCC_WARN_ABOUT_RETURN_TYPE = YES_ERROR;
				GCC_WARN_UNDECLARED_SELECTOR = YES;
				GCC_WARN_UNINITIALIZED_AUTOS = YES_AGGRESSIVE;
				GCC_WARN_UNUSED_FUNCTION = YES;
				GCC_WARN_UNUSED_VARIABLE = YES;
				IPHONEOS_DEPLOYMENT_TARGET = 14.3;
				MTL_ENABLE_DEBUG_INFO = NO;
				MTL_FAST_MATH = YES;
				SDKROOT = iphoneos;
				SWIFT_COMPILATION_MODE = wholemodule;
				SWIFT_OPTIMIZATION_LEVEL = "-O";
				VALIDATE_PRODUCT = YES;
			};
			name = Release;
		};
		9B2FD33826078DC4005316C4 /* Debug */ = {
			isa = XCBuildConfiguration;
			baseConfigurationReference = 05051E1B10D29015BF173384 /* Pods-Kingfishy.debug.xcconfig */;
			buildSettings = {
				ASSETCATALOG_COMPILER_APPICON_NAME = AppIcon;
				ASSETCATALOG_COMPILER_GLOBAL_ACCENT_COLOR_NAME = AccentColor;
				CODE_SIGN_STYLE = Automatic;
				DEVELOPMENT_TEAM = V549L7K97M;
				INFOPLIST_FILE = Kingfishy/Info.plist;
				LD_RUNPATH_SEARCH_PATHS = (
					"$(inherited)",
					"@executable_path/Frameworks",
				);
				PRODUCT_BUNDLE_IDENTIFIER = com.alpas.Kingfishy;
				PRODUCT_NAME = "$(TARGET_NAME)";
				SWIFT_VERSION = 5.0;
				TARGETED_DEVICE_FAMILY = "1,2";
			};
			name = Debug;
		};
		9B2FD33926078DC4005316C4 /* Release */ = {
			isa = XCBuildConfiguration;
			baseConfigurationReference = 5F89AA928873F6CE51938BB9 /* Pods-Kingfishy.release.xcconfig */;
			buildSettings = {
				ASSETCATALOG_COMPILER_APPICON_NAME = AppIcon;
				ASSETCATALOG_COMPILER_GLOBAL_ACCENT_COLOR_NAME = AccentColor;
				CODE_SIGN_STYLE = Automatic;
				DEVELOPMENT_TEAM = V549L7K97M;
				INFOPLIST_FILE = Kingfishy/Info.plist;
				LD_RUNPATH_SEARCH_PATHS = (
					"$(inherited)",
					"@executable_path/Frameworks",
				);
				PRODUCT_BUNDLE_IDENTIFIER = com.alpas.Kingfishy;
				PRODUCT_NAME = "$(TARGET_NAME)";
				SWIFT_VERSION = 5.0;
				TARGETED_DEVICE_FAMILY = "1,2";
			};
			name = Release;
		};
/* End XCBuildConfiguration section */

/* Begin XCConfigurationList section */
		9B2FD31E26078DC1005316C4 /* Build configuration list for PBXProject "Kingfishy" */ = {
			isa = XCConfigurationList;
			buildConfigurations = (
				9B2FD33526078DC4005316C4 /* Debug */,
				9B2FD33626078DC4005316C4 /* Release */,
			);
			defaultConfigurationIsVisible = 0;
			defaultConfigurationName = Release;
		};
		9B2FD33726078DC4005316C4 /* Build configuration list for PBXNativeTarget "Kingfishy" */ = {
			isa = XCConfigurationList;
			buildConfigurations = (
				9B2FD33826078DC4005316C4 /* Debug */,
				9B2FD33926078DC4005316C4 /* Release */,
			);
			defaultConfigurationIsVisible = 0;
			defaultConfigurationName = Release;
		};
/* End XCConfigurationList section */
	};
	rootObject = 9B2FD31B26078DC1005316C4 /* Project object */;
}
